# Add-on 'flash-attn' for stack fa2-cu128: packages beyond base.lock.
# Generated by backend/scripts/lock_training.py - do not edit.
einops==0.8.2 \
    --hash=sha256:54058201ac7087911181bfec4af6091bb59380360f069276601256a76af08193 \
    --hash=sha256:609da665570e5e265e27283aab09e7f279ade90c4f01bcfca111f3d3e13f2827
flash-attn @ https://github.com/Dao-AILab/flash-attention/releases/download/v2.8.3.post1/flash_attn-2.8.3.post1%2Bcu12torch2.8cxx11abiTRUE-cp312-cp312-linux_x86_64.whl#sha256=9a08775a6be3358e3b691ed97f7cb90ad4e9eb6a912e8bce680c2edb7cf3d86e \
    --hash=sha256:9a08775a6be3358e3b691ed97f7cb90ad4e9eb6a912e8bce680c2edb7cf3d86e
