# Add-on 'tensorboard' for stack hf-cu129: packages beyond base.lock.
# Generated by backend/scripts/lock_training.py - do not edit.
absl-py==2.5.0 \
    --hash=sha256:0c996f25c0490700fadabe6351630f6111534fa0ae252cc6d2014ea3b141135f \
    --hash=sha256:0f17b89f2a4eaaedc4f28c622998aa690564b3012a396a4ffad0821007fe03ba
grpcio==1.84.0 \
    --hash=sha256:026d757df86c5b7a41de8200b9a2cda454aaa5004cb0c7e3374c66eb82f61499 \
    --hash=sha256:06619ba1515e5ee69fb2a514e95dd8be05ce74cb3928d5b34f87f87c86fe3c27 \
    --hash=sha256:08735e3d08d24ab3132cf87e2e5dea8746cabcc7d676c2b0b7362f195feef9d9 \
    --hash=sha256:0d532ade4486dad9b302ffa4d4683d67561051c26d17c4023322845e9fa10140 \
    --hash=sha256:158c1c11cfb61b4849c3caf4d52de6f5ecd376e14446feb4a90dc95a90d616f5 \
    --hash=sha256:15bb76489e337fc492685c9758e2fd4d4ab516b901ad830dc5a91987decf00be \
    --hash=sha256:19aaf172fc2edbefccce3f6e92c5150975dbe56c45744e9e87cf72ebdf85bfbe \
    --hash=sha256:209414080da8c20af94df1395b635da52dd57b5edc9e917e1deca0dc1c4bb55e \
    --hash=sha256:210e4c32f907045eb8158273e60c6ab69a3947697df6245dbda381f26c59485b \
    --hash=sha256:23e6e8e8a75cff88e0a793bfd3becea03a13e2763ae90c1ff573bc19ca5b429a \
    --hash=sha256:27b8b36200a9fbee6e120246f4a8a41657549107ef19fb2c819c4b2fd524f39a \
    --hash=sha256:28d2609691da93051e998495108bbddd2a9f7a561253bae94828d81290f30c15 \
    --hash=sha256:2c024da73b296f040b8360e60bd73a659b230093684a438da0e1260f34cc724e \
    --hash=sha256:393d8a78bff6731ecc5ad2151a821f8fbc1709b137ebb9c25a4ef399fbdcc914 \
    --hash=sha256:3d6a82c4fc6c85f2fb7572c86bdb86f84c97b6580e5f6599f711800bac48a5d8 \
    --hash=sha256:3de427b05f244ba2c2a9bdc67e7a6731c8340811524ecc4435466549f8af1d17 \
    --hash=sha256:406583b4e8fb2282ebd392e12b963e601c1f82e07125a8c2cb5b144e7e024796 \
    --hash=sha256:4119efa6519871719ad81f33bc95ab87857dcb1c5801f30a6e592f2c41164169 \
    --hash=sha256:42959bd50dd660ffc3f2a9bec15a6da4f9aaa0dda555d59ff2d2e80b908456a8 \
    --hash=sha256:455ed6083353b8e938f1d58c765eab2fbb165731e5b507be30fee344915a2a11 \
    --hash=sha256:465eef3d17e59ad22a556fc0138f7c7c799df426734344daec42c797d49fda99 \
    --hash=sha256:47ecf0d9b81d981f07b61bd89eced9d2582f5eaacc3aaa36ad27f81aef70a27f \
    --hash=sha256:49717e857899f4136d7657bf5aded61ac479110a075438290923a4d86af7cd02 \
    --hash=sha256:4aaeceeb7fa7d824c322d1ec3208c8495c88478a927295553235435fc49043ad \
    --hash=sha256:57dc36a5ab0e676f5f6e171de2917fd0aef73f32a9aaf23956bfe19997a30bd1 \
    --hash=sha256:5933a052946873d01a42119a05420d669bdca436aeba2d1851988ccb12b421c0 \
    --hash=sha256:5deda5b4bf62769eb98c119cca43d40e1231e34846b19db5cdea821d446a2253 \
    --hash=sha256:61386101ecaa096b694d0dd278caf99a56aeec78440cc17e918eef0b50f2d567 \
    --hash=sha256:659728f20fc7a0933ed7b1945435e31014b97ab8a5a7edcbaa70da4794aeb191 \
    --hash=sha256:70bb4ce8be0c5606bec259cbd7152374470396413b7863a658a08c849e6b29ff \
    --hash=sha256:71fd60e6e426d293d0a2f685115ad0a0845117602cf13605a4be7524fb5f7bba \
    --hash=sha256:756ea5c2da00fa65c930284892d2a9706828704ca3ba40b4c51c4834eb39fcfd \
    --hash=sha256:800b7e00d92553313c0463c200087930aa78678ec1d528193aeb50906f55989b \
    --hash=sha256:82da34ae4f639c73ac46e521e00c0a49bf86f717b9fb1f405f133e98731e38dc \
    --hash=sha256:8e1a45d174b6b8589f51dce1cea804aa6c1f72c9c80cba91ae2caabeb6d90540 \
    --hash=sha256:8e3f508d0e9e6236ba2f08d56e33355e434e785e813149a1b8477d3edf69779d \
    --hash=sha256:986e9751d416d7a6eaa2fecdac38da63153d63a4b340ba7d624889c490451500 \
    --hash=sha256:9b73836ba0e16fcbb57c31cf6cbc2907c8d8c790b83679df454b74bd15e0be04 \
    --hash=sha256:9bab4cf571653a8afffb83ce21aa27b51dfe629b526b7b6adec35491fe1fc2ea \
    --hash=sha256:a71d24f40b0cc6798feaa978c7411dc1135b7018e9fc0442db611c139bf58344 \
    --hash=sha256:a9383401d9f116f98cacd4eba6c505a6edb80ba65badfc8e8ed8ae64983bcc44 \
    --hash=sha256:b44f0a0fc7bc6677d38cc80bca1a32814ce6c8f200fb8b3c1a61c9d77eaefbf3 \
    --hash=sha256:b5c6f20d657ae09ae4e30d9d3a21edd13f1219d58cc6f999b9d1bb63be9c1baa \
    --hash=sha256:b61692f0069b3eee2fc8a3a1b7f6c044df9e03fede6ce69b3ca832e1c39f26c5 \
    --hash=sha256:b8c62888c3e49debf37ad9773e3c02f77b0c1e811f8fb0962f2b6c3bbab5b97a \
    --hash=sha256:bd8ea8eb3817b226057cc1c0e7ec4b378dcda52043b972b6ff12b1152178967d \
    --hash=sha256:c5559b492007dc09b4de9b95dab05f0b5e53547aad230cf07e46c7dd017a3be5 \
    --hash=sha256:d0fdd25faece8a1f95e8a3a8006e29701b5cf8dadb4a8132e68f3134637004a5 \
    --hash=sha256:e094dd21f077af8194923fc263cad872eaa1802bb0156fd7e5ae18e99cd86715 \
    --hash=sha256:e41c3993eee896c617dbd8a505085d28b6e84a0445ed9a1f40f95808473cf678 \
    --hash=sha256:e88d304f094f4937bc27ec6a435e218a084168f11ec630c8d5d39b431d08d81d \
    --hash=sha256:e90e3bdf7b5eac005fef631adae9cafde16f922def207b80a7c46b253c18ad20 \
    --hash=sha256:ed2c1493c44d0932f1e55fdb5d1ead658c68288ec5d51b8c4928422d98633ef9 \
    --hash=sha256:edb6f87fc60ff438557291501b3e16c7a77c3b01a52d782cf276dccc7c5dd89c \
    --hash=sha256:efb29f8633bf6630dc89de4fe0353ac3d7e4b70ef7b6e29fb40f00e68c127fa5 \
    --hash=sha256:f6c972474ce691aca74e58d17625450cef153dc4760364cadeb167983ea6d589 \
    --hash=sha256:f6d178ba6dc8e82976c184b65fddde172d054c17237993a3e083efe4f134d55b \
    --hash=sha256:f9a456bdbed52a01c9ab8423bdebab04a5363c78676edc55ab9b58bd13bdf9e1 \
    --hash=sha256:fbdbcd06986ede3ce584083b1dc2afe6808e8943e5cf50ad11183c03aceda25a \
    --hash=sha256:fc66cb50c93554b86db0b6625ab5c6e9051dbf8847c08d93c84918e02e413fb7 \
    --hash=sha256:fff5ef3fe1bba7d6147e5f19e01e5e122ac2c076486887ddcb8d42e663400fbe
markdown==3.11 \
    --hash=sha256:180224db6aed87ba9ce1f2781ebcd5826253de8ff637112090e24b84502bbf9f \
    --hash=sha256:cd6c89e7eb308c8b332ed673215a52d208a43f8bacc030b1419376129408719e
pillow==12.3.0 \
    --hash=sha256:00808c5e14ef63ac5161091d242999076604ff74b883423a11e5d7bbb38bf756 \
    --hash=sha256:04f01d28a6aaff387bf842a13be313df23ba0597a44f1a976c9feb3c6ff4711a \
    --hash=sha256:06ff022112bc9cbf83b60f8e028d94ad87b60621706487e65f673de61610ab59 \
    --hash=sha256:0740a512dc522224c77d9aa5a8d70d8b7d73fb91f2c21125d8d025d3b8990e45 \
    --hash=sha256:0847a763afefb695bc912d7c131e7e0632d4edc1d8698f58ddabec8e46b8b6d3 \
    --hash=sha256:0dd2064cbc55aaec028ef5fbb60fa47bb6c3e7918e07ff17935284b227a9d2df \
    --hash=sha256:0feb2e9d6ad6c9e3c06effe9d00f3f1e618a6643273576b016f591e9315a7139 \
    --hash=sha256:10e41f0fbf1eec8cfd234b8fe17a4caac7c9d0db4c204d3c173a8f9f6ef3232b \
    --hash=sha256:1182d52bc2d5e5d7d0949503aa7e36d12f42205dc287e4883f407b1988820d39 \
    --hash=sha256:164b31cd1a0490ab6efae01aa5df49da7061be0af1b30e035b6e9a1bfe34ee6e \
    --hash=sha256:1657923d2d45afb66526e5b933e5b3052e6bdea196c90d3abb2424e18c77dae8 \
    --hash=sha256:186941b6aef820ad110fb01fb06eb925374dc3a21b17e37ec9a53b250c6fe2d1 \
    --hash=sha256:1cca606cd25738df4ed873d5ad46bbdb3d83b5cbca291f6b4ff13a4df6b0bbe8 \
    --hash=sha256:21900ce7ba264168cd50defae43cd75d25c833ad4ad6e73ffc5596d12e25ac89 \
    --hash=sha256:236ff70b9312fb68943c703aa842ca6a758abfa45ac187a5e7c1452e96ef72b5 \
    --hash=sha256:23aceaa007d6172b02c277f0cd359c79492bbb14f7072b4ede9fbcaf20648130 \
    --hash=sha256:23d27a3e0307ec2244cc51e7287b919aa68d097504ebe19df4e76a98a3eea5bd \
    --hash=sha256:24870b09b224f7ae3c39ed07d10e819d06f8720bc551847b1d623832b5b0e28d \
    --hash=sha256:251bf95b67017e27b13d82f5b326234ca62d70f9cf4c2b9032de2358a3b12c7b \
    --hash=sha256:25b9b82bb22e6e2b3cd07b39c68b7b862001226cb3dff7130d1cb914121b39ed \
    --hash=sha256:28ce87c5ab450a9dd970b52e5aca5fe63ed432d18a2eaddd1979a00a1ba24ace \
    --hash=sha256:300557495eb45ebb8aec96c2da9c4be642fbf7cd937278b4013ba894ea8eb0eb \
    --hash=sha256:30f2aa603c41533cc25c05acd0da21636e84a315768feb631c937177db558931 \
    --hash=sha256:331b624368d4f1d069149002f25f44bc61c8919ce8ddb3c45bdad8f6e2d89510 \
    --hash=sha256:37d6d0a00072fd2948eb22bce7e1475f34569d90c87c59f7a2ec59541b77f7a6 \
    --hash=sha256:37dc8f7bbb66efe481bb60defacef820c950c24713fb44962ed6aa2a50966de1 \
    --hash=sha256:3b8182a766685eaa002637e28b4ec8d6b18819a0c71f579bf0dbaa5830297cce \
    --hash=sha256:3edce1d53195db527e0191f84b71d02022de0540bf43a16ed734ed7537b07385 \
    --hash=sha256:446c34dcc4324b084a53b705127dc15717b22c5e140ae0a3c38349d4efec071e \
    --hash=sha256:4998562bf62a445225f22e07c896bb04b35b1b1f2eb6d760584c9c51d7a5f78c \
    --hash=sha256:4b0a7fe987b14c31ebda6083f74f22b561fd3739bc0ac51e019622e3d72668c7 \
    --hash=sha256:4e8c2a84d977f50b9daed6eeaf3baef67d00d5d74d932288f02cb94518ee3ace \
    --hash=sha256:4f883547d4b7f0495ebe7056b0cc2aea76094e7a4abc8e933540f3271df27d9c \
    --hash=sha256:514435a37670e3e5e08f3945b68718b6ed329bb84367777e16f9f4dfe1e61a0f \
    --hash=sha256:53aa02d20d10c3d814d536aa4e5ac9b84ca0ff5a88377963b085ad6822f93e64 \
    --hash=sha256:5594fc43d548a7ed94949d139aa1341b270f1863f11cfd37f5a6c8b778a6b67f \
    --hash=sha256:571b9fcb07b97ef3a492028fb3d2dc0993ca23a06138b0315286566d29ef718a \
    --hash=sha256:57b3d78c95ba9059768b10e28b813002261d3f3dfc55cc48b0c988f625175827 \
    --hash=sha256:5afb51d599ea772b8365ae807ae557f18bccfe46ab261fd1c2a9ed700fc6eb17 \
    --hash=sha256:6b02afb9b97f65fbca5f31db6a2a3ba21aa93030225f150fa3f249717e938fb4 \
    --hash=sha256:6c0016e7b354317c4e9e525b937ac8596c38d2d232b419529b9cd7a1cd46e39a \
    --hash=sha256:71d6097b330eea8fd15097780c8e89cb1a8ce7838669f48c5bacd6f663dd4701 \
    --hash=sha256:756c768d0c9c2955feb7a56c37ea24aea2e369f8d36a88da270b6a9f19e62b5e \
    --hash=sha256:78cb2c6865a35ab8ff8b75fd122f6033b92a62c82801110e48ddd6c936a45d91 \
    --hash=sha256:7a743ff716f746fc19a9557f60dab1600d4613255f8a7aeb3cdde4db7eb15a66 \
    --hash=sha256:85f998ea1848bc6757289e739cfbdda3a04adfd58b02fc018ce54d754a5ce468 \
    --hash=sha256:8728f216dcdb6e6d555cf971cb34076139ad74b31fc2c14da4fafc741c5f6217 \
    --hash=sha256:877c3f311ff35410f690861c4409e7ccbf0cd2f878e50628a28e5a0bb689e658 \
    --hash=sha256:8cd2f7bdda092d99c9fc2fb7391354f306d01443d22785d0cbfafa2e2c8bb418 \
    --hash=sha256:8e95e1385e4998ae9694eeaa4730ba5457ff61185b3a55e2e7bea0880aef452a \
    --hash=sha256:962864dc93511324d51ddbb5b9f8731bf71675b93ca612a07441896f4688fb8c \
    --hash=sha256:9cf95fe4d0f84c82d282745d9bb08ad9f926efa00be4697e767b814ce40d4330 \
    --hash=sha256:9e881fca225083806662a5c43d627d215f258ff43c890f831966c7d7ba9c7402 \
    --hash=sha256:a2b55dd6b2a4c4b7d87ffa56bdb33fdc5fdb9a462173861a7bc097f17d91cb09 \
    --hash=sha256:a45650e8ce7fafffd731db8550230db6b0d306d181a90b67d3e6bca2f1990930 \
    --hash=sha256:a876864214e136f0eb367788dbd7df045f4806801518e2cfe9e13229cfe06d8f \
    --hash=sha256:ae26d61dfa7a47befdc7572b521024e8745f3d809bd95ca9505a7bba9ef849ec \
    --hash=sha256:af8d94b0db561cf68b88a267c5c44b49e134f525d0dc2cb7ed413a66bc23559a \
    --hash=sha256:b343699e8308bdc51978310e1c959c584e7869cc8c40780058c87da7781a1e94 \
    --hash=sha256:b3c777e849237620b022f7f297dd67705f9f5cf1685f09f02e46f93e92725468 \
    --hash=sha256:b629de27fda84b42cde7edef0d85f13b958b47f6e9bbcbba9b673c562a89bd8b \
    --hash=sha256:ba09209fbe443b4acccebe845d8a138b89a8f4fbaeedd44953490b5315d5e965 \
    --hash=sha256:ba54cfebe86920a559a7c4d6b9050791c20513650a1952ebe3368c7dc70306f8 \
    --hash=sha256:bcb46e2f9feff8d06323983bd83ed00c201fdcab3d74973e7072a889b3979fcd \
    --hash=sha256:bcc33feacfaefce60c12fd500a277533bdc02b10a19f7f6d348763d8140bbba7 \
    --hash=sha256:bf16ba1b4d0b6b7c8e534936632270cf70eb00dbe09005bc345b2677b726855c \
    --hash=sha256:cf1845d02ad822a369a49f2bb9345b1614744267682e7a03527dc3bf6eea1777 \
    --hash=sha256:d69141514cc30b774ceea5e3ed3a6635c8d8a96edf664689b890f4089111fb35 \
    --hash=sha256:d9c7f76c0673154f044e9d78c8655fb4213f6ca31a836df48b40fe5d187717b9 \
    --hash=sha256:dbce0b29841537a2fa4a214c2bbf14de3587c9680caa9b4e217568472490b28f \
    --hash=sha256:dc624f6bc473dacdf7ef7eb8678d0d08edf15cd94fad6ae5c7d6cc67a4e4902f \
    --hash=sha256:e158cb00350dc278f3b91551101aa7d12415a66ebf2c91d8d5ac14e56ddd3ad0 \
    --hash=sha256:e491916b378fba47242221bb9ead245211b70d504f495d105d17b14a24b4907c \
    --hash=sha256:e795b7eb908249c4e43c7c99fac7c2c75dab0c43566e37db472a355f63693d71 \
    --hash=sha256:e7e480451b9fa137494bccd3a7d69adbe8ac65a87d97be61e11f1b1050a5bac3 \
    --hash=sha256:e91206ee562682b51b98ef4b26a6ef48fd84e15fd4c4bc5ec768eb641d206838 \
    --hash=sha256:e9871b1ffbfa9656b60aeee92ed5136a5742696006fa322b29ea3d8da0ecc9cf \
    --hash=sha256:e9aeb04d6aef139de265b29683e119b638208f88cf73cdd1658aa07221165321 \
    --hash=sha256:ebaea975e03d3141d9d3a507df75c9b3ec90fa9d2ffd07567b3a978d9d790b26 \
    --hash=sha256:f0606c8bf2cdefea14a43530f7657cbbb7ecf1c4222512492ef4a4434a9501ec \
    --hash=sha256:f13c32a3abd6079a66d9526e18dad9b6d280384d49d7c54040cd57b6424041d9 \
    --hash=sha256:f7401aebd7f581d7f83a439d87d474999317ee099218e5ad25d125290990ba65 \
    --hash=sha256:fa4ecea169a355be7a3ade2c783e2ed12f0e40d2c5621cda8b3297faf7fbb9f5 \
    --hash=sha256:fbd139c8447d25dd750ab79ee274cc5e1fe80fc56340ab10b18a195e1b6eca3e \
    --hash=sha256:fdafc9cce40277e0f7a0feabce0ee50dd2fa1800f3b38015e51296b5e814048d \
    --hash=sha256:fe3cca2e4e8a592be0f269a1ca4835c25199d9f3ce815c8491048f785b0a0198 \
    --hash=sha256:ffd0c5368496f41b0944be820fcb7a838aa6e623d250b01acf2643939c3f99d7
tensorboard==2.21.0 \
    --hash=sha256:7279316dcb6bd5bc391d623dea841531299cde1887310e8133bc34a996d32255
tensorboard-data-server==0.7.2 \
    --hash=sha256:7e0610d205889588983836ec05dc098e80f97b7e7bbff7e994ebb78f578d0ddb \
    --hash=sha256:9fe5d24221b29625dbc7328b0436ca7fc1c23de4acf4d272f1180856e32f9f60 \
    --hash=sha256:ef687163c24185ae9754ed5650eb5bc4d84ff257aabdc33f0cc6f74d8ba54530
werkzeug==3.1.9 \
    --hash=sha256:55ca7c70a75689be937aa27f8ff4b018f06ff4838fc73045560bf0f5a1291060 \
    --hash=sha256:6392e50c78460ba618e5b21f08a71f59c99ce99cdc6cf6e3dd7e6ccca8754fab
